<?xml version="1.0" encoding="utf-8"?>
<Project ToolsVersion="4.0" xmlns="http://schemas.microsoft.com/developer/msbuild/2003">
  <ItemGroup>
    <Filter Include="Main">
      <UniqueIdentifier>{main-filter-guid}</UniqueIdentifier>
    </Filter>
    <Filter Include="UI">
      <UniqueIdentifier>{ui-filter-guid}</UniqueIdentifier>
    </Filter>
    <Filter Include="Core">
      <UniqueIdentifier>{core-filter-guid}</UniqueIdentifier>
    </Filter>
    <Filter Include="Core\Geometry">
      <UniqueIdentifier>{core-geometry-filter-guid}</UniqueIdentifier>
    </Filter>
    <Filter Include="Core\Managers">
      <UniqueIdentifier>{core-managers-filter-guid}</UniqueIdentifier>
    </Filter>
    <Filter Include="Core\Picking">
      <UniqueIdentifier>{core-picking-filter-guid}</UniqueIdentifier>
    </Filter>
    <Filter Include="Util">
      <UniqueIdentifier>{util-filter-guid}</UniqueIdentifier>
    </Filter>
    <Filter Include="Core\World">
      <UniqueIdentifier>{9429a5c3-2197-4b7a-a4c1-0ccdafd4b03b}</UniqueIdentifier>
    </Filter>
    <Filter Include="Core\Camera">
      <UniqueIdentifier>{ebe8fdc1-9f0a-4443-83ec-c66ddecf9a8f}</UniqueIdentifier>
    </Filter>
    <Filter Include="Core\buildings">
      <UniqueIdentifier>{afd55f3e-8f11-4486-9c19-591410088d16}</UniqueIdentifier>
    </Filter>
  </ItemGroup>
  <ItemGroup>
    <ClCompile Include="src\main.cpp">
      <Filter>Main</Filter>
    </ClCompile>
    <ClCompile Include="src\ui\MainWindow.cpp">
      <Filter>UI</Filter>
    </ClCompile>
    <ClCompile Include="src\ui\OSGWidget.cpp">
      <Filter>UI</Filter>
    </ClCompile>
    <ClCompile Include="src\core\Common3D.cpp">
      <Filter>Core</Filter>
    </ClCompile>
    <ClCompile Include="src\core\geometry\Point3D.cpp">
      <Filter>Core\Geometry</Filter>
    </ClCompile>
    <ClCompile Include="src\core\geometry\Line3D.cpp">
      <Filter>Core\Geometry</Filter>
    </ClCompile>
    <ClCompile Include="src\core\geometry\Triangle3D.cpp">
      <Filter>Core\Geometry</Filter>
    </ClCompile>
    <ClCompile Include="src\core\geometry\Quad3D.cpp">
      <Filter>Core\Geometry</Filter>
    </ClCompile>
    <ClCompile Include="src\core\geometry\Polygon3D.cpp">
      <Filter>Core\Geometry</Filter>
    </ClCompile>
    <ClCompile Include="src\core\geometry\Box3D.cpp">
      <Filter>Core\Geometry</Filter>
    </ClCompile>
    <ClCompile Include="src\core\geometry\Cube3D.cpp">
      <Filter>Core\Geometry</Filter>
    </ClCompile>
    <ClCompile Include="src\core\geometry\Sphere3D.cpp">
      <Filter>Core\Geometry</Filter>
    </ClCompile>
    <ClCompile Include="src\core\geometry\Cylinder3D.cpp">
      <Filter>Core\Geometry</Filter>
    </ClCompile>
    <ClCompile Include="src\core\geometry\Cone3D.cpp">
      <Filter>Core\Geometry</Filter>
    </ClCompile>
    <ClCompile Include="src\core\geometry\Torus3D.cpp">
      <Filter>Core\Geometry</Filter>
    </ClCompile>
    <ClCompile Include="src\core\geometry\Arc3D.cpp">
      <Filter>Core\Geometry</Filter>
    </ClCompile>
    <ClCompile Include="src\core\geometry\BezierCurve3D.cpp">
      <Filter>Core\Geometry</Filter>
    </ClCompile>
    <ClCompile Include="src\util\OSGUtils.cpp">
      <Filter>Util</Filter>
    </ClCompile>
    <ClCompile Include="src\util\GeometryFactory.cpp">
      <Filter>Util</Filter>
    </ClCompile>
    <ClCompile Include="src\util\MathUtils.cpp">
      <Filter>Util</Filter>
    </ClCompile>
    <ClCompile Include="src\ui\CoordinateSystemDialog.cpp">
      <Filter>UI</Filter>
    </ClCompile>
    <ClCompile Include="src\core\world\CoordinateSystem3D.cpp">
      <Filter>Core\World</Filter>
    </ClCompile>
    <ClCompile Include="src\core\world\CoordinateSystemRenderer.cpp">
      <Filter>Core\World</Filter>
    </ClCompile>
    <ClCompile Include="src\core\world\Skybox.cpp">
      <Filter>Core\World</Filter>
    </ClCompile>
    <ClCompile Include="src\core\camera\CameraController.cpp">
      <Filter>Core\Camera</Filter>
    </ClCompile>
    <ClCompile Include="src\util\LogManager.cpp">
      <Filter>Util</Filter>
    </ClCompile>
    <ClCompile Include="src\ui\LogOutputWidget.cpp">
      <Filter>UI</Filter>
    </ClCompile>
    <ClCompile Include="src\util\GeoOsgbIO.cpp">
      <Filter>Util</Filter>
    </ClCompile>
    <ClCompile Include="src\core\geometry\UndefinedGeo3D.cpp">
      <Filter>Core\Geometry</Filter>
    </ClCompile>
    <ClCompile Include="src\core\managers\GeoStateManager.cpp">
      <Filter>Core\Managers</Filter>
    </ClCompile>
    <ClCompile Include="src\core\managers\GeoControlPointManager.cpp">
      <Filter>Core\Managers</Filter>
    </ClCompile>
    <ClCompile Include="src\core\managers\GeoNodeManager.cpp">
      <Filter>Core\Managers</Filter>
    </ClCompile>
    <ClCompile Include="src\core\managers\GeoRenderManager.cpp">
      <Filter>Core\Managers</Filter>
    </ClCompile>
    <ClCompile Include="src\core\GeometryBase.cpp">
      <Filter>Core</Filter>
    </ClCompile>
    <ClCompile Include="src\ui\StatusBar3D.cpp">
      <Filter>UI</Filter>
    </ClCompile>
    <ClCompile Include="src\core\buildings\BuildingFactory.cpp">
      <Filter>Core\buildings</Filter>
    </ClCompile>
    <ClCompile Include="src\core\buildings\DomeHouse3D.cpp">
      <Filter>Core\buildings</Filter>
    </ClCompile>
    <ClCompile Include="src\core\geometry\Ellipsoid3D.cpp">
      <Filter>Core\buildings</Filter>
    </ClCompile>
    <ClCompile Include="src\core\buildings\FlatHouse3D.cpp">
      <Filter>Core\buildings</Filter>
    </ClCompile>
    <ClCompile Include="src\core\buildings\GableHouse3D.cpp">
      <Filter>Core\buildings</Filter>
    </ClCompile>
    <ClCompile Include="src\core\geometry\Hemisphere3D.cpp">
      <Filter>Core\buildings</Filter>
    </ClCompile>
    <ClCompile Include="src\core\buildings\LHouse3D.cpp">
      <Filter>Core\buildings</Filter>
    </ClCompile>
    <ClCompile Include="src\core\geometry\Prism3D.cpp">
      <Filter>Core\buildings</Filter>
    </ClCompile>
    <ClCompile Include="src\core\buildings\SpireHouse3D.cpp">
      <Filter>Core\buildings</Filter>
    </ClCompile>
    <ClCompile Include="src\ui\PropertyEditor3D.cpp">
      <Filter>UI</Filter>
    </ClCompile>
    <ClCompile Include="src\ui\ToolPanel3D.cpp">
      <Filter>UI</Filter>
    </ClCompile>
    <ClCompile Include="src\core\picking\PickingIndicator.cpp">
      <Filter>Core\Picking</Filter>
    </ClCompile>
    <ClCompile Include="src\core\picking\GeometryPickingSystem.cpp">
      <Filter>Core\Picking</Filter>
    </ClCompile>
    <ClCompile Include="src\util\ScaleBarRenderer.cpp">
      <Filter>Util</Filter>
    </ClCompile>
  </ItemGroup>
  <ItemGroup>
    <ClInclude Include="src\core\Common3D.h">
      <Filter>Core</Filter>
    </ClInclude>
    <ClInclude Include="src\core\Enums3D.h">
      <Filter>Core</Filter>
    </ClInclude>
    <ClInclude Include="src\core\geometry\Point3D.h">
      <Filter>Core\Geometry</Filter>
    </ClInclude>
    <ClInclude Include="src\core\geometry\Line3D.h">
      <Filter>Core\Geometry</Filter>
    </ClInclude>
    <ClInclude Include="src\core\geometry\Triangle3D.h">
      <Filter>Core\Geometry</Filter>
    </ClInclude>
    <ClInclude Include="src\core\geometry\Quad3D.h">
      <Filter>Core\Geometry</Filter>
    </ClInclude>
    <ClInclude Include="src\core\geometry\Polygon3D.h">
      <Filter>Core\Geometry</Filter>
    </ClInclude>
    <ClInclude Include="src\core\geometry\Box3D.h">
      <Filter>Core\Geometry</Filter>
    </ClInclude>
    <ClInclude Include="src\core\geometry\Cube3D.h">
      <Filter>Core\Geometry</Filter>
    </ClInclude>
    <ClInclude Include="src\core\geometry\Sphere3D.h">
      <Filter>Core\Geometry</Filter>
    </ClInclude>
    <ClInclude Include="src\core\geometry\Cylinder3D.h">
      <Filter>Core\Geometry</Filter>
    </ClInclude>
    <ClInclude Include="src\core\geometry\Cone3D.h">
      <Filter>Core\Geometry</Filter>
    </ClInclude>
    <ClInclude Include="src\core\geometry\Torus3D.h">
      <Filter>Core\Geometry</Filter>
    </ClInclude>
    <ClInclude Include="src\core\geometry\Arc3D.h">
      <Filter>Core\Geometry</Filter>
    </ClInclude>
    <ClInclude Include="src\core\geometry\BezierCurve3D.h">
      <Filter>Core\Geometry</Filter>
    </ClInclude>
    <ClInclude Include="src\util\OSGUtils.h">
      <Filter>Util</Filter>
    </ClInclude>
    <ClInclude Include="src\util\GeometryFactory.h">
      <Filter>Util</Filter>
    </ClInclude>
    <ClInclude Include="src\util\MathUtils.h">
      <Filter>Util</Filter>
    </ClInclude>
    <ClInclude Include="src\core\world\Skybox.h">
      <Filter>Core\World</Filter>
    </ClInclude>
    <ClInclude Include="src\util\GeoOsgbIO.h">
      <Filter>Util</Filter>
    </ClInclude>
    <ClInclude Include="src\core\geometry\UndefinedGeo3D.h">
      <Filter>Core\Geometry</Filter>
    </ClInclude>
    <QtMoc Include="src\core\managers\GeoStateManager.h">
      <Filter>Core\Managers</Filter>
    </QtMoc>
    <QtMoc Include="src\core\managers\GeoControlPointManager.h">
      <Filter>Core\Managers</Filter>
    </QtMoc>
    <QtMoc Include="src\core\managers\GeoNodeManager.h">
      <Filter>Core\Managers</Filter>
    </QtMoc>
    <QtMoc Include="src\core\managers\GeoRenderManager.h">
      <Filter>Core\Managers</Filter>
    </QtMoc>
    <ClInclude Include="src\core\buildings\BuildingFactory.h">
      <Filter>Core\buildings</Filter>
    </ClInclude>
    <ClInclude Include="src\core\buildings\DomeHouse3D.h">
      <Filter>Core\buildings</Filter>
    </ClInclude>
    <ClInclude Include="src\core\geometry\Ellipsoid3D.h">
      <Filter>Core\buildings</Filter>
    </ClInclude>
    <ClInclude Include="src\core\buildings\FlatHouse3D.h">
      <Filter>Core\buildings</Filter>
    </ClInclude>
    <ClInclude Include="src\core\buildings\GableHouse3D.h">
      <Filter>Core\buildings</Filter>
    </ClInclude>
    <ClInclude Include="src\core\geometry\Hemisphere3D.h">
      <Filter>Core\buildings</Filter>
    </ClInclude>
    <ClInclude Include="src\core\buildings\LHouse3D.h">
      <Filter>Core\buildings</Filter>
    </ClInclude>
    <ClInclude Include="src\core\geometry\Prism3D.h">
      <Filter>Core\buildings</Filter>
    </ClInclude>
    <ClInclude Include="src\core\buildings\SpireHouse3D.h">
      <Filter>Core\buildings</Filter>
    </ClInclude>
    <ClInclude Include="src\core\picking\PickingIndicator.h">
      <Filter>Core\Picking</Filter>
    </ClInclude>
    <ClInclude Include="src\core\picking\PickingTypes.h">
      <Filter>Core\Picking</Filter>
    </ClInclude>
    <ClInclude Include="src\core\picking\GeometryPickingSystem.h">
      <Filter>Core\Picking</Filter>
    </ClInclude>
    <ClInclude Include="src\util\ScaleBarRenderer.h">
      <Filter>Util</Filter>
    </ClInclude>
  </ItemGroup>
  <ItemGroup>
    <QtMoc Include="src\ui\MainWindow.h">
      <Filter>UI</Filter>
    </QtMoc>
    <QtMoc Include="src\ui\OSGWidget.h">
      <Filter>UI</Filter>
    </QtMoc>
    <QtMoc Include="src\ui\CoordinateSystemDialog.h">
      <Filter>UI</Filter>
    </QtMoc>
    <QtMoc Include="src\core\world\CoordinateSystem3D.h">
      <Filter>Core\World</Filter>
    </QtMoc>
    <QtMoc Include="src\core\world\CoordinateSystemRenderer.h">
      <Filter>Core\World</Filter>
    </QtMoc>
    <QtMoc Include="src\core\camera\CameraController.h">
      <Filter>Core\Camera</Filter>
    </QtMoc>
    <QtMoc Include="src\util\LogManager.h">
      <Filter>Util</Filter>
    </QtMoc>
    <QtMoc Include="src\ui\LogOutputWidget.h">
      <Filter>UI</Filter>
    </QtMoc>
    <QtMoc Include="src\core\GeometryBase.h">
      <Filter>Core</Filter>
    </QtMoc>
    <QtMoc Include="src\ui\StatusBar3D.h">
      <Filter>UI</Filter>
    </QtMoc>
    <QtMoc Include="src\ui\PropertyEditor3D.h">
      <Filter>UI</Filter>
    </QtMoc>
    <QtMoc Include="src\ui\ToolPanel3D.h">
      <Filter>UI</Filter>
    </QtMoc>
  </ItemGroup>
</Project>